// !$*UTF8*$!
{
	archiveVersion = 1;
	classes = {
	};
	objectVersion = 48;
	objects = {

/* Begin PBXBuildFile section */
		570AB4D41FB0F8D300DAB147 /* Girl.swift in Sources */ = {isa = PBXBuildFile; fileRef = 570AB4D31FB0F8D300DAB147 /* Girl.swift */; };
		5712C6C3206C5775002DFF34 /* AppFunctions.swift in Sources */ = {isa = PBXBuildFile; fileRef = 5712C6C2206C5775002DFF34 /* AppFunctions.swift */; };
		57296C611FFC3C1700C96C6A /* WardrobeCVC.swift in Sources */ = {isa = PBXBuildFile; fileRef = 57296C601FFC3C1700C96C6A /* WardrobeCVC.swift */; };
		572B4232203E1B2F001FB708 /* OnboardingImageHandlers.swift in Sources */ = {isa = PBXBuildFile; fileRef = 572B4231203E1B2F001FB708 /* OnboardingImageHandlers.swift */; };
		572B42342044DDA1001FB708 /* WelcomeVC.swift in Sources */ = {isa = PBXBuildFile; fileRef = 572B42332044DDA1001FB708 /* WelcomeVC.swift */; };
		572D1B2A207FE8580026D257 /* GownImageTableViewCell.swift in Sources */ = {isa = PBXBuildFile; fileRef = 572D1B29207FE8580026D257 /* GownImageTableViewCell.swift */; };
		572D1B2C208007330026D257 /* GownTitleTVCell.swift in Sources */ = {isa = PBXBuildFile; fileRef = 572D1B2B208007330026D257 /* GownTitleTVCell.swift */; };
		572D1B2E208007CD0026D257 /* GownPriceAndPosterTvCell.swift in Sources */ = {isa = PBXBuildFile; fileRef = 572D1B2D208007CD0026D257 /* GownPriceAndPosterTvCell.swift */; };
		572D1B30208007DE0026D257 /* ColorTVCell.swift in Sources */ = {isa = PBXBuildFile; fileRef = 572D1B2F208007DE0026D257 /* ColorTVCell.swift */; };
		572D1B32208007EC0026D257 /* GownDescriptionTVCell.swift in Sources */ = {isa = PBXBuildFile; fileRef = 572D1B31208007EC0026D257 /* GownDescriptionTVCell.swift */; };
		572D1B34208008050026D257 /* GownMeasurementBtnTVCell.swift in Sources */ = {isa = PBXBuildFile; fileRef = 572D1B33208008050026D257 /* GownMeasurementBtnTVCell.swift */; };
		572D1B36208008310026D257 /* NextBtnTVCell.swift in Sources */ = {isa = PBXBuildFile; fileRef = 572D1B35208008310026D257 /* NextBtnTVCell.swift */; };
		572D1B3820800D400026D257 /* GownDetailViewController.swift in Sources */ = {isa = PBXBuildFile; fileRef = 572D1B3720800D400026D257 /* GownDetailViewController.swift */; };
		5734939D1FB445BE0039853E /* Alertable.swift in Sources */ = {isa = PBXBuildFile; fileRef = 5734939C1FB445BE0039853E /* Alertable.swift */; };
		5734939F1FB5F95D0039853E /* AddPostVCHandlers.swift in Sources */ = {isa = PBXBuildFile; fileRef = 5734939E1FB5F95D0039853E /* AddPostVCHandlers.swift */; };
		5749522E206B5074001A966C /* CustomTableViewCell.swift in Sources */ = {isa = PBXBuildFile; fileRef = 5749522D206B5074001A966C /* CustomTableViewCell.swift */; };
		57513FAB2069BC1A00773DFB /* queenlysplash3.gif in Resources */ = {isa = PBXBuildFile; fileRef = 57513FAA2069BC1700773DFB /* queenlysplash3.gif */; };
		57513FAD2069BDD100773DFB /* WebViewContent.html in Resources */ = {isa = PBXBuildFile; fileRef = 57513FAC2069BDD000773DFB /* WebViewContent.html */; };
		57513FB12069C6CD00773DFB /* RoundedBlurView.swift in Sources */ = {isa = PBXBuildFile; fileRef = 57513FB02069C6CD00773DFB /* RoundedBlurView.swift */; };
		575284821FB6CE9400599963 /* GoogleService-Info.plist in Resources */ = {isa = PBXBuildFile; fileRef = 575284811FB6CE9400599963 /* GoogleService-Info.plist */; };
		575284841FB8F31D00599963 /* PostConfirmVC.swift in Sources */ = {isa = PBXBuildFile; fileRef = 575284831FB8F31D00599963 /* PostConfirmVC.swift */; };
		57630E23204E84AF00A68F63 /* RootVCHandlers.swift in Sources */ = {isa = PBXBuildFile; fileRef = 57630E22204E84AF00A68F63 /* RootVCHandlers.swift */; };
		576A9B3C1FF8FBB500FE44E0 /* BackendStuff.swift in Sources */ = {isa = PBXBuildFile; fileRef = 576A9B3B1FF8FBB500FE44E0 /* BackendStuff.swift */; };
		576B782A206597510051A473 /* GownDataTableViewController.swift in Sources */ = {isa = PBXBuildFile; fileRef = 576B7829206597510051A473 /* GownDataTableViewController.swift */; };
		576B782C20664D330051A473 /* GownDataTableView.swift in Sources */ = {isa = PBXBuildFile; fileRef = 576B782B20664D330051A473 /* GownDataTableView.swift */; };
		576B782E206768440051A473 /* LoginVCHandlers.swift in Sources */ = {isa = PBXBuildFile; fileRef = 576B782D206768440051A473 /* LoginVCHandlers.swift */; };
		576B783120678E820051A473 /* UserDisplayNameCell.swift in Sources */ = {isa = PBXBuildFile; fileRef = 576B783020678E820051A473 /* UserDisplayNameCell.swift */; };
		576B783320678EA70051A473 /* GownPriceTableViewCell.swift in Sources */ = {isa = PBXBuildFile; fileRef = 576B783220678EA70051A473 /* GownPriceTableViewCell.swift */; };
		576B783520678ECB0051A473 /* GownColorTableViewCell.swift in Sources */ = {isa = PBXBuildFile; fileRef = 576B783420678ECB0051A473 /* GownColorTableViewCell.swift */; };
		576B783720678EE00051A473 /* GownDescriptionTableViewCell.swift in Sources */ = {isa = PBXBuildFile; fileRef = 576B783620678EE00051A473 /* GownDescriptionTableViewCell.swift */; };
		576B783920678FF60051A473 /* GownMeasurementsTableViewCell.swift in Sources */ = {isa = PBXBuildFile; fileRef = 576B783820678FF60051A473 /* GownMeasurementsTableViewCell.swift */; };
		576B783C206818000051A473 /* GownViewModel.swift in Sources */ = {isa = PBXBuildFile; fileRef = 576B783B206818000051A473 /* GownViewModel.swift */; };
		576F8D481FAAAADA006A9A4E /* Gown.swift in Sources */ = {isa = PBXBuildFile; fileRef = 576F8D471FAAAADA006A9A4E /* Gown.swift */; };
		5771BFAF20526AD000FC89F3 /* RoundedImageView.swift in Sources */ = {isa = PBXBuildFile; fileRef = 5771BFAE20526AD000FC89F3 /* RoundedImageView.swift */; };
		5773B8C01F9BE29A00715821 /* PostCVC.swift in Sources */ = {isa = PBXBuildFile; fileRef = 5773B8BF1F9BE29A00715821 /* PostCVC.swift */; };
		57750137200F2D4400FCCCB0 /* ISOOffersVC.swift in Sources */ = {isa = PBXBuildFile; fileRef = 57750136200F2D4400FCCCB0 /* ISOOffersVC.swift */; };
		577501392012900C00FCCCB0 /* GownTVC.swift in Sources */ = {isa = PBXBuildFile; fileRef = 577501382012900C00FCCCB0 /* GownTVC.swift */; };
		578B34F8202BE7B600B2A14B /* OnboardingOneVC.swift in Sources */ = {isa = PBXBuildFile; fileRef = 578B34F7202BE7B500B2A14B /* OnboardingOneVC.swift */; };
		578B34FA202BE83D00B2A14B /* OnboardingTwoVC.swift in Sources */ = {isa = PBXBuildFile; fileRef = 578B34F9202BE83D00B2A14B /* OnboardingTwoVC.swift */; };
		578B34FC202BE8B200B2A14B /* OnboardingThreeVC.swift in Sources */ = {isa = PBXBuildFile; fileRef = 578B34FB202BE8B200B2A14B /* OnboardingThreeVC.swift */; };
		578B34FE202BE90800B2A14B /* OnboardingFourVC.swift in Sources */ = {isa = PBXBuildFile; fileRef = 578B34FD202BE90800B2A14B /* OnboardingFourVC.swift */; };
		578B3500202BE91800B2A14B /* OnboardingFiveVC.swift in Sources */ = {isa = PBXBuildFile; fileRef = 578B34FF202BE91800B2A14B /* OnboardingFiveVC.swift */; };
		578EAC59204D37BB00506792 /* FirestoreModel.swift in Sources */ = {isa = PBXBuildFile; fileRef = 578EAC58204D37BB00506792 /* FirestoreModel.swift */; };
		579310E51F904DF000418136 /* FeedCollectionViewCell.swift in Sources */ = {isa = PBXBuildFile; fileRef = 579310E41F904DF000418136 /* FeedCollectionViewCell.swift */; };
		5793110D1F94A40C00418136 /* ProjectQueenly.xcdatamodeld in Sources */ = {isa = PBXBuildFile; fileRef = 5793110B1F94A40C00418136 /* ProjectQueenly.xcdatamodeld */; };
		5797F01A1F8A09FE00906E4C /* LoginVC.swift in Sources */ = {isa = PBXBuildFile; fileRef = 5797F0191F8A09FE00906E4C /* LoginVC.swift */; };
		5797F0201F8A17EA00906E4C /* DataService.swift in Sources */ = {isa = PBXBuildFile; fileRef = 5797F01F1F8A17EA00906E4C /* DataService.swift */; };
		5797F0291F8AF75E00906E4C /* AddPostVC.swift in Sources */ = {isa = PBXBuildFile; fileRef = 5797F0281F8AF75D00906E4C /* AddPostVC.swift */; };
		5797F02B1F8B40F900906E4C /* LeftPanelVC.swift in Sources */ = {isa = PBXBuildFile; fileRef = 5797F02A1F8B40F900906E4C /* LeftPanelVC.swift */; };
		5797F0311F8B41C800906E4C /* ProfileVC.swift in Sources */ = {isa = PBXBuildFile; fileRef = 5797F0301F8B41C800906E4C /* ProfileVC.swift */; };
		5797F0331F8B41EB00906E4C /* OrderSummaryVC.swift in Sources */ = {isa = PBXBuildFile; fileRef = 5797F0321F8B41EB00906E4C /* OrderSummaryVC.swift */; };
		5797F0351F8C841800906E4C /* ContainerVC.swift in Sources */ = {isa = PBXBuildFile; fileRef = 5797F0341F8C841800906E4C /* ContainerVC.swift */; };
		5797F0371F8C846C00906E4C /* CenterVCDelegate.swift in Sources */ = {isa = PBXBuildFile; fileRef = 5797F0361F8C846C00906E4C /* CenterVCDelegate.swift */; };
		5797F0391F8C897200906E4C /* AuthService.swift in Sources */ = {isa = PBXBuildFile; fileRef = 5797F0381F8C897200906E4C /* AuthService.swift */; };
		5797F03B1F8C8FFC00906E4C /* UIViewExt.swift in Sources */ = {isa = PBXBuildFile; fileRef = 5797F03A1F8C8FFC00906E4C /* UIViewExt.swift */; };
		57A48A441F9A860900C7E654 /* PostDetailVC.swift in Sources */ = {isa = PBXBuildFile; fileRef = 57A48A431F9A860900C7E654 /* PostDetailVC.swift */; };
		57A48A4A1F9BA42C00C7E654 /* Dresses.xcassets in Resources */ = {isa = PBXBuildFile; fileRef = 57A48A491F9BA42B00C7E654 /* Dresses.xcassets */; };
		57A48A4C1F9BA51100C7E654 /* Dress.plist in Resources */ = {isa = PBXBuildFile; fileRef = 57A48A4B1F9BA51100C7E654 /* Dress.plist */; };
		57B9F83A207B47C600F4D120 /* FAQVC.swift in Sources */ = {isa = PBXBuildFile; fileRef = 57B9F839207B47C500F4D120 /* FAQVC.swift */; };
		57B9F83C207B809A00F4D120 /* ProfileViewController.swift in Sources */ = {isa = PBXBuildFile; fileRef = 57B9F83B207B809A00F4D120 /* ProfileViewController.swift */; };
		57B9F83E207B80B500F4D120 /* MeasurementsVC.swift in Sources */ = {isa = PBXBuildFile; fileRef = 57B9F83D207B80B500F4D120 /* MeasurementsVC.swift */; };
		57B9F840207B8DEA00F4D120 /* MeasurementsCell.swift in Sources */ = {isa = PBXBuildFile; fileRef = 57B9F83F207B8DEA00F4D120 /* MeasurementsCell.swift */; };
		57C871361FBF8A3D009DF3EF /* Constants.swift in Sources */ = {isa = PBXBuildFile; fileRef = 57C871351FBF8A3D009DF3EF /* Constants.swift */; };
		57E747852030324300A750C9 /* RoundedCornerTextField.swift in Sources */ = {isa = PBXBuildFile; fileRef = 57E747802030324000A750C9 /* RoundedCornerTextField.swift */; };
		57E747862030324300A750C9 /* RoundImageView.swift in Sources */ = {isa = PBXBuildFile; fileRef = 57E747812030324100A750C9 /* RoundImageView.swift */; };
		57E747872030324300A750C9 /* CircleView.swift in Sources */ = {isa = PBXBuildFile; fileRef = 57E747822030324200A750C9 /* CircleView.swift */; };
		57E747882030324300A750C9 /* RoundedShadowView.swift in Sources */ = {isa = PBXBuildFile; fileRef = 57E747832030324200A750C9 /* RoundedShadowView.swift */; };
		57E747892030324300A750C9 /* RoundedShadowButton.swift in Sources */ = {isa = PBXBuildFile; fileRef = 57E747842030324300A750C9 /* RoundedShadowButton.swift */; };
		57E74792203670F200A750C9 /* Buttons.swift in Sources */ = {isa = PBXBuildFile; fileRef = 57E7478B203670ED00A750C9 /* Buttons.swift */; };
		57E74793203670F200A750C9 /* PaymentContextFooterView.swift in Sources */ = {isa = PBXBuildFile; fileRef = 57E7478C203670EE00A750C9 /* PaymentContextFooterView.swift */; };
		57E74794203670F200A750C9 /* MyAPIClient.swift in Sources */ = {isa = PBXBuildFile; fileRef = 57E7478D203670EF00A750C9 /* MyAPIClient.swift */; };
		57E74795203670F200A750C9 /* CheckoutViewController.swift in Sources */ = {isa = PBXBuildFile; fileRef = 57E7478E203670F000A750C9 /* CheckoutViewController.swift */; };
		57E74796203670F200A750C9 /* CheckoutRowView.swift in Sources */ = {isa = PBXBuildFile; fileRef = 57E7478F203670F100A750C9 /* CheckoutRowView.swift */; };
		57E74797203670F200A750C9 /* BrowseProductsViewController.swift in Sources */ = {isa = PBXBuildFile; fileRef = 57E74790203670F100A750C9 /* BrowseProductsViewController.swift */; };
		57E74798203670F200A750C9 /* SettingsViewController.swift in Sources */ = {isa = PBXBuildFile; fileRef = 57E74791203670F200A750C9 /* SettingsViewController.swift */; };
		57F97CC91F7DDFEC00D71826 /* AppDelegate.swift in Sources */ = {isa = PBXBuildFile; fileRef = 57F97CC81F7DDFEC00D71826 /* AppDelegate.swift */; };
		57F97CCB1F7DDFEC00D71826 /* RootVC.swift in Sources */ = {isa = PBXBuildFile; fileRef = 57F97CCA1F7DDFEC00D71826 /* RootVC.swift */; };
		57F97CCE1F7DDFEC00D71826 /* Main.storyboard in Resources */ = {isa = PBXBuildFile; fileRef = 57F97CCC1F7DDFEC00D71826 /* Main.storyboard */; };
		57F97CD01F7DDFEC00D71826 /* Assets.xcassets in Resources */ = {isa = PBXBuildFile; fileRef = 57F97CCF1F7DDFEC00D71826 /* Assets.xcassets */; };
		57F97CD31F7DDFEC00D71826 /* LaunchScreen.storyboard in Resources */ = {isa = PBXBuildFile; fileRef = 57F97CD11F7DDFEC00D71826 /* LaunchScreen.storyboard */; };
		EBF61860656F87BA52AE23BE /* Pods_ProjectQueenly.framework in Frameworks */ = {isa = PBXBuildFile; fileRef = 11FD097EC2888DA17E7E1179 /* Pods_ProjectQueenly.framework */; };
/* End PBXBuildFile section */

/* Begin PBXFileReference section */
		11FD097EC2888DA17E7E1179 /* Pods_ProjectQueenly.framework */ = {isa = PBXFileReference; explicitFileType = wrapper.framework; includeInIndex = 0; path = Pods_ProjectQueenly.framework; sourceTree = BUILT_PRODUCTS_DIR; };
		570AB4D31FB0F8D300DAB147 /* Girl.swift */ = {isa = PBXFileReference; lastKnownFileType = sourcecode.swift; path = Girl.swift; sourceTree = "<group>"; };
		5712C6C2206C5775002DFF34 /* AppFunctions.swift */ = {isa = PBXFileReference; lastKnownFileType = sourcecode.swift; path = AppFunctions.swift; sourceTree = "<group>"; };
		57296C601FFC3C1700C96C6A /* WardrobeCVC.swift */ = {isa = PBXFileReference; lastKnownFileType = sourcecode.swift; path = WardrobeCVC.swift; sourceTree = "<group>"; };
		572B4231203E1B2F001FB708 /* OnboardingImageHandlers.swift */ = {isa = PBXFileReference; lastKnownFileType = sourcecode.swift; path = OnboardingImageHandlers.swift; sourceTree = "<group>"; };
		572B42332044DDA1001FB708 /* WelcomeVC.swift */ = {isa = PBXFileReference; lastKnownFileType = sourcecode.swift; path = WelcomeVC.swift; sourceTree = "<group>"; };
		572D1B29207FE8580026D257 /* GownImageTableViewCell.swift */ = {isa = PBXFileReference; lastKnownFileType = sourcecode.swift; path = GownImageTableViewCell.swift; sourceTree = "<group>"; };
		572D1B2B208007330026D257 /* GownTitleTVCell.swift */ = {isa = PBXFileReference; lastKnownFileType = sourcecode.swift; path = GownTitleTVCell.swift; sourceTree = "<group>"; };
		572D1B2D208007CD0026D257 /* GownPriceAndPosterTvCell.swift */ = {isa = PBXFileReference; lastKnownFileType = sourcecode.swift; path = GownPriceAndPosterTvCell.swift; sourceTree = "<group>"; };
		572D1B2F208007DE0026D257 /* ColorTVCell.swift */ = {isa = PBXFileReference; lastKnownFileType = sourcecode.swift; path = ColorTVCell.swift; sourceTree = "<group>"; };
		572D1B31208007EC0026D257 /* GownDescriptionTVCell.swift */ = {isa = PBXFileReference; lastKnownFileType = sourcecode.swift; path = GownDescriptionTVCell.swift; sourceTree = "<group>"; };
		572D1B33208008050026D257 /* GownMeasurementBtnTVCell.swift */ = {isa = PBXFileReference; lastKnownFileType = sourcecode.swift; path = GownMeasurementBtnTVCell.swift; sourceTree = "<group>"; };
		572D1B35208008310026D257 /* NextBtnTVCell.swift */ = {isa = PBXFileReference; lastKnownFileType = sourcecode.swift; path = NextBtnTVCell.swift; sourceTree = "<group>"; };
		572D1B3720800D400026D257 /* GownDetailViewController.swift */ = {isa = PBXFileReference; lastKnownFileType = sourcecode.swift; path = GownDetailViewController.swift; sourceTree = "<group>"; };
		5734939C1FB445BE0039853E /* Alertable.swift */ = {isa = PBXFileReference; lastKnownFileType = sourcecode.swift; path = Alertable.swift; sourceTree = "<group>"; };
		5734939E1FB5F95D0039853E /* AddPostVCHandlers.swift */ = {isa = PBXFileReference; lastKnownFileType = sourcecode.swift; path = AddPostVCHandlers.swift; sourceTree = "<group>"; };
		5749522D206B5074001A966C /* CustomTableViewCell.swift */ = {isa = PBXFileReference; lastKnownFileType = sourcecode.swift; path = CustomTableViewCell.swift; sourceTree = "<group>"; };
		57513FAA2069BC1700773DFB /* queenlysplash3.gif */ = {isa = PBXFileReference; lastKnownFileType = image.gif; path = queenlysplash3.gif; sourceTree = "<group>"; };
		57513FAC2069BDD000773DFB /* WebViewContent.html */ = {isa = PBXFileReference; fileEncoding = 4; lastKnownFileType = text.html; path = WebViewContent.html; sourceTree = "<group>"; };
		57513FB02069C6CD00773DFB /* RoundedBlurView.swift */ = {isa = PBXFileReference; lastKnownFileType = sourcecode.swift; path = RoundedBlurView.swift; sourceTree = "<group>"; };
		5752847F1FB687FF00599963 /* Info.plist */ = {isa = PBXFileReference; lastKnownFileType = text.plist.xml; path = Info.plist; sourceTree = "<group>"; };
		575284811FB6CE9400599963 /* GoogleService-Info.plist */ = {isa = PBXFileReference; fileEncoding = 4; lastKnownFileType = text.plist.xml; path = "GoogleService-Info.plist"; sourceTree = "<group>"; };
		575284831FB8F31D00599963 /* PostConfirmVC.swift */ = {isa = PBXFileReference; lastKnownFileType = sourcecode.swift; path = PostConfirmVC.swift; sourceTree = "<group>"; };
		57630E22204E84AF00A68F63 /* RootVCHandlers.swift */ = {isa = PBXFileReference; lastKnownFileType = sourcecode.swift; path = RootVCHandlers.swift; sourceTree = "<group>"; };
		576A9B3B1FF8FBB500FE44E0 /* BackendStuff.swift */ = {isa = PBXFileReference; lastKnownFileType = sourcecode.swift; path = BackendStuff.swift; sourceTree = "<group>"; };
		576B7829206597510051A473 /* GownDataTableViewController.swift */ = {isa = PBXFileReference; lastKnownFileType = sourcecode.swift; path = GownDataTableViewController.swift; sourceTree = "<group>"; };
		576B782B20664D330051A473 /* GownDataTableView.swift */ = {isa = PBXFileReference; lastKnownFileType = sourcecode.swift; path = GownDataTableView.swift; sourceTree = "<group>"; };
		576B782D206768440051A473 /* LoginVCHandlers.swift */ = {isa = PBXFileReference; lastKnownFileType = sourcecode.swift; path = LoginVCHandlers.swift; sourceTree = "<group>"; };
		576B783020678E820051A473 /* UserDisplayNameCell.swift */ = {isa = PBXFileReference; lastKnownFileType = sourcecode.swift; path = UserDisplayNameCell.swift; sourceTree = "<group>"; };
		576B783220678EA70051A473 /* GownPriceTableViewCell.swift */ = {isa = PBXFileReference; lastKnownFileType = sourcecode.swift; path = GownPriceTableViewCell.swift; sourceTree = "<group>"; };
		576B783420678ECB0051A473 /* GownColorTableViewCell.swift */ = {isa = PBXFileReference; lastKnownFileType = sourcecode.swift; path = GownColorTableViewCell.swift; sourceTree = "<group>"; };
		576B783620678EE00051A473 /* GownDescriptionTableViewCell.swift */ = {isa = PBXFileReference; lastKnownFileType = sourcecode.swift; path = GownDescriptionTableViewCell.swift; sourceTree = "<group>"; };
		576B783820678FF60051A473 /* GownMeasurementsTableViewCell.swift */ = {isa = PBXFileReference; lastKnownFileType = sourcecode.swift; path = GownMeasurementsTableViewCell.swift; sourceTree = "<group>"; };
		576B783B206818000051A473 /* GownViewModel.swift */ = {isa = PBXFileReference; lastKnownFileType = sourcecode.swift; path = GownViewModel.swift; sourceTree = "<group>"; };
		576F8D471FAAAADA006A9A4E /* Gown.swift */ = {isa = PBXFileReference; lastKnownFileType = sourcecode.swift; path = Gown.swift; sourceTree = "<group>"; };
		5771BFAE20526AD000FC89F3 /* RoundedImageView.swift */ = {isa = PBXFileReference; lastKnownFileType = sourcecode.swift; path = RoundedImageView.swift; sourceTree = "<group>"; };
		5773B8BF1F9BE29A00715821 /* PostCVC.swift */ = {isa = PBXFileReference; lastKnownFileType = sourcecode.swift; path = PostCVC.swift; sourceTree = "<group>"; };
		57750136200F2D4400FCCCB0 /* ISOOffersVC.swift */ = {isa = PBXFileReference; lastKnownFileType = sourcecode.swift; path = ISOOffersVC.swift; sourceTree = "<group>"; };
		577501382012900C00FCCCB0 /* GownTVC.swift */ = {isa = PBXFileReference; lastKnownFileType = sourcecode.swift; path = GownTVC.swift; sourceTree = "<group>"; };
		578B34F7202BE7B500B2A14B /* OnboardingOneVC.swift */ = {isa = PBXFileReference; lastKnownFileType = sourcecode.swift; path = OnboardingOneVC.swift; sourceTree = "<group>"; };
		578B34F9202BE83D00B2A14B /* OnboardingTwoVC.swift */ = {isa = PBXFileReference; lastKnownFileType = sourcecode.swift; path = OnboardingTwoVC.swift; sourceTree = "<group>"; };
		578B34FB202BE8B200B2A14B /* OnboardingThreeVC.swift */ = {isa = PBXFileReference; lastKnownFileType = sourcecode.swift; path = OnboardingThreeVC.swift; sourceTree = "<group>"; };
		578B34FD202BE90800B2A14B /* OnboardingFourVC.swift */ = {isa = PBXFileReference; lastKnownFileType = sourcecode.swift; path = OnboardingFourVC.swift; sourceTree = "<group>"; };
		578B34FF202BE91800B2A14B /* OnboardingFiveVC.swift */ = {isa = PBXFileReference; lastKnownFileType = sourcecode.swift; path = OnboardingFiveVC.swift; sourceTree = "<group>"; };
		578EAC58204D37BB00506792 /* FirestoreModel.swift */ = {isa = PBXFileReference; lastKnownFileType = sourcecode.swift; path = FirestoreModel.swift; sourceTree = "<group>"; };
		579310E41F904DF000418136 /* FeedCollectionViewCell.swift */ = {isa = PBXFileReference; lastKnownFileType = sourcecode.swift; path = FeedCollectionViewCell.swift; sourceTree = "<group>"; };
		5793110C1F94A40C00418136 /* ProjectQueenly.xcdatamodel */ = {isa = PBXFileReference; lastKnownFileType = wrapper.xcdatamodel; path = ProjectQueenly.xcdatamodel; sourceTree = "<group>"; };
		5797F0191F8A09FE00906E4C /* LoginVC.swift */ = {isa = PBXFileReference; lastKnownFileType = sourcecode.swift; path = LoginVC.swift; sourceTree = "<group>"; };
		5797F01F1F8A17EA00906E4C /* DataService.swift */ = {isa = PBXFileReference; lastKnownFileType = sourcecode.swift; path = DataService.swift; sourceTree = "<group>"; };
		5797F0281F8AF75D00906E4C /* AddPostVC.swift */ = {isa = PBXFileReference; lastKnownFileType = sourcecode.swift; name = AddPostVC.swift; path = /Users/irwingonzales/Desktop/ProjectQueenly/ProjectQueenly/ViewControllers/AddPostVC.swift; sourceTree = "<absolute>"; };
		5797F02A1F8B40F900906E4C /* LeftPanelVC.swift */ = {isa = PBXFileReference; lastKnownFileType = sourcecode.swift; path = LeftPanelVC.swift; sourceTree = "<group>"; };
		5797F0301F8B41C800906E4C /* ProfileVC.swift */ = {isa = PBXFileReference; lastKnownFileType = sourcecode.swift; path = ProfileVC.swift; sourceTree = "<group>"; };
		5797F0321F8B41EB00906E4C /* OrderSummaryVC.swift */ = {isa = PBXFileReference; lastKnownFileType = sourcecode.swift; path = OrderSummaryVC.swift; sourceTree = "<group>"; };
		5797F0341F8C841800906E4C /* ContainerVC.swift */ = {isa = PBXFileReference; fileEncoding = 4; lastKnownFileType = sourcecode.swift; path = ContainerVC.swift; sourceTree = "<group>"; };
		5797F0361F8C846C00906E4C /* CenterVCDelegate.swift */ = {isa = PBXFileReference; fileEncoding = 4; lastKnownFileType = sourcecode.swift; path = CenterVCDelegate.swift; sourceTree = "<group>"; };
		5797F0381F8C897200906E4C /* AuthService.swift */ = {isa = PBXFileReference; fileEncoding = 4; lastKnownFileType = sourcecode.swift; path = AuthService.swift; sourceTree = "<group>"; };
		5797F03A1F8C8FFC00906E4C /* UIViewExt.swift */ = {isa = PBXFileReference; fileEncoding = 4; lastKnownFileType = sourcecode.swift; path = UIViewExt.swift; sourceTree = "<group>"; };
		57A48A431F9A860900C7E654 /* PostDetailVC.swift */ = {isa = PBXFileReference; lastKnownFileType = sourcecode.swift; name = PostDetailVC.swift; path = ../../PostDetailVC.swift; sourceTree = "<group>"; };
		57A48A491F9BA42B00C7E654 /* Dresses.xcassets */ = {isa = PBXFileReference; lastKnownFileType = folder.assetcatalog; path = Dresses.xcassets; sourceTree = "<group>"; };
		57A48A4B1F9BA51100C7E654 /* Dress.plist */ = {isa = PBXFileReference; lastKnownFileType = text.plist.xml; path = Dress.plist; sourceTree = "<group>"; };
		57B9F839207B47C500F4D120 /* FAQVC.swift */ = {isa = PBXFileReference; fileEncoding = 4; lastKnownFileType = sourcecode.swift; path = FAQVC.swift; sourceTree = "<group>"; };
		57B9F83B207B809A00F4D120 /* ProfileViewController.swift */ = {isa = PBXFileReference; lastKnownFileType = sourcecode.swift; path = ProfileViewController.swift; sourceTree = "<group>"; };
		57B9F83D207B80B500F4D120 /* MeasurementsVC.swift */ = {isa = PBXFileReference; lastKnownFileType = sourcecode.swift; path = MeasurementsVC.swift; sourceTree = "<group>"; };
		57B9F83F207B8DEA00F4D120 /* MeasurementsCell.swift */ = {isa = PBXFileReference; lastKnownFileType = sourcecode.swift; path = MeasurementsCell.swift; sourceTree = "<group>"; };
		57C871351FBF8A3D009DF3EF /* Constants.swift */ = {isa = PBXFileReference; lastKnownFileType = sourcecode.swift; path = Constants.swift; sourceTree = "<group>"; };
		57E747802030324000A750C9 /* RoundedCornerTextField.swift */ = {isa = PBXFileReference; fileEncoding = 4; lastKnownFileType = sourcecode.swift; path = RoundedCornerTextField.swift; sourceTree = "<group>"; };
		57E747812030324100A750C9 /* RoundImageView.swift */ = {isa = PBXFileReference; fileEncoding = 4; lastKnownFileType = sourcecode.swift; path = RoundImageView.swift; sourceTree = "<group>"; };
		57E747822030324200A750C9 /* CircleView.swift */ = {isa = PBXFileReference; fileEncoding = 4; lastKnownFileType = sourcecode.swift; path = CircleView.swift; sourceTree = "<group>"; };
		57E747832030324200A750C9 /* RoundedShadowView.swift */ = {isa = PBXFileReference; fileEncoding = 4; lastKnownFileType = sourcecode.swift; path = RoundedShadowView.swift; sourceTree = "<group>"; };
		57E747842030324300A750C9 /* RoundedShadowButton.swift */ = {isa = PBXFileReference; fileEncoding = 4; lastKnownFileType = sourcecode.swift; path = RoundedShadowButton.swift; sourceTree = "<group>"; };
		57E7478B203670ED00A750C9 /* Buttons.swift */ = {isa = PBXFileReference; fileEncoding = 4; lastKnownFileType = sourcecode.swift; path = Buttons.swift; sourceTree = "<group>"; };
		57E7478C203670EE00A750C9 /* PaymentContextFooterView.swift */ = {isa = PBXFileReference; fileEncoding = 4; lastKnownFileType = sourcecode.swift; path = PaymentContextFooterView.swift; sourceTree = "<group>"; };
		57E7478D203670EF00A750C9 /* MyAPIClient.swift */ = {isa = PBXFileReference; fileEncoding = 4; lastKnownFileType = sourcecode.swift; path = MyAPIClient.swift; sourceTree = "<group>"; };
		57E7478E203670F000A750C9 /* CheckoutViewController.swift */ = {isa = PBXFileReference; fileEncoding = 4; lastKnownFileType = sourcecode.swift; path = CheckoutViewController.swift; sourceTree = "<group>"; };
		57E7478F203670F100A750C9 /* CheckoutRowView.swift */ = {isa = PBXFileReference; fileEncoding = 4; lastKnownFileType = sourcecode.swift; path = CheckoutRowView.swift; sourceTree = "<group>"; };
		57E74790203670F100A750C9 /* BrowseProductsViewController.swift */ = {isa = PBXFileReference; fileEncoding = 4; lastKnownFileType = sourcecode.swift; path = BrowseProductsViewController.swift; sourceTree = "<group>"; };
		57E74791203670F200A750C9 /* SettingsViewController.swift */ = {isa = PBXFileReference; fileEncoding = 4; lastKnownFileType = sourcecode.swift; name = SettingsViewController.swift; path = ProjectQueenly/Stripe/SettingsViewController.swift; sourceTree = SOURCE_ROOT; };
		57F97CC51F7DDFEC00D71826 /* ProjectQueenly.app */ = {isa = PBXFileReference; explicitFileType = wrapper.application; includeInIndex = 0; path = ProjectQueenly.app; sourceTree = BUILT_PRODUCTS_DIR; };
		57F97CC81F7DDFEC00D71826 /* AppDelegate.swift */ = {isa = PBXFileReference; lastKnownFileType = sourcecode.swift; path = AppDelegate.swift; sourceTree = "<group>"; };
		57F97CCA1F7DDFEC00D71826 /* RootVC.swift */ = {isa = PBXFileReference; lastKnownFileType = sourcecode.swift; path = RootVC.swift; sourceTree = "<group>"; };
		57F97CCD1F7DDFEC00D71826 /* Base */ = {isa = PBXFileReference; lastKnownFileType = file.storyboard; name = Base; path = Base.lproj/Main.storyboard; sourceTree = "<group>"; };
		57F97CCF1F7DDFEC00D71826 /* Assets.xcassets */ = {isa = PBXFileReference; lastKnownFileType = folder.assetcatalog; path = Assets.xcassets; sourceTree = "<group>"; };
		57F97CD21F7DDFEC00D71826 /* Base */ = {isa = PBXFileReference; lastKnownFileType = file.storyboard; name = Base; path = Base.lproj/LaunchScreen.storyboard; sourceTree = "<group>"; };
		57F9CFD320555011005DC45C /* ProjectQueenly.entitlements */ = {isa = PBXFileReference; lastKnownFileType = text.plist.entitlements; path = ProjectQueenly.entitlements; sourceTree = "<group>"; };
		7197955E5A136882AEB9EE0F /* Pods-ProjectQueenly.release.xcconfig */ = {isa = PBXFileReference; includeInIndex = 1; lastKnownFileType = text.xcconfig; name = "Pods-ProjectQueenly.release.xcconfig"; path = "Pods/Target Support Files/Pods-ProjectQueenly/Pods-ProjectQueenly.release.xcconfig"; sourceTree = "<group>"; };
		8D4EE2642AD383247DB281D8 /* Pods-ProjectQueenly.debug.xcconfig */ = {isa = PBXFileReference; includeInIndex = 1; lastKnownFileType = text.xcconfig; name = "Pods-ProjectQueenly.debug.xcconfig"; path = "Pods/Target Support Files/Pods-ProjectQueenly/Pods-ProjectQueenly.debug.xcconfig"; sourceTree = "<group>"; };
/* End PBXFileReference section */

/* Begin PBXFrameworksBuildPhase section */
		57F97CC21F7DDFEC00D71826 /* Frameworks */ = {
			isa = PBXFrameworksBuildPhase;
			buildActionMask = 2147483647;
			files = (
				EBF61860656F87BA52AE23BE /* Pods_ProjectQueenly.framework in Frameworks */,
			);
			runOnlyForDeploymentPostprocessing = 0;
		};
/* End PBXFrameworksBuildPhase section */

/* Begin PBXGroup section */
		0CED35DCEE13F8E95D43B54C /* Pods */ = {
			isa = PBXGroup;
			children = (
				8D4EE2642AD383247DB281D8 /* Pods-ProjectQueenly.debug.xcconfig */,
				7197955E5A136882AEB9EE0F /* Pods-ProjectQueenly.release.xcconfig */,
			);
			name = Pods;
			sourceTree = "<group>";
		};
		1A562B519A6CF13AD1A027AF /* Frameworks */ = {
			isa = PBXGroup;
			children = (
				11FD097EC2888DA17E7E1179 /* Pods_ProjectQueenly.framework */,
			);
			name = Frameworks;
			sourceTree = "<group>";
		};
		573493A01FB5F9650039853E /* Handlers */ = {
			isa = PBXGroup;
			children = (
				5734939E1FB5F95D0039853E /* AddPostVCHandlers.swift */,
				576B782D206768440051A473 /* LoginVCHandlers.swift */,
				572B4231203E1B2F001FB708 /* OnboardingImageHandlers.swift */,
				57630E22204E84AF00A68F63 /* RootVCHandlers.swift */,
				5797F03A1F8C8FFC00906E4C /* UIViewExt.swift */,
				5734939C1FB445BE0039853E /* Alertable.swift */,
				5712C6C2206C5775002DFF34 /* AppFunctions.swift */,
			);
			path = Handlers;
			sourceTree = "<group>";
		};
		573493A11FB60B770039853E /* Services */ = {
			isa = PBXGroup;
			children = (
				578EAC58204D37BB00506792 /* FirestoreModel.swift */,
				5797F01F1F8A17EA00906E4C /* DataService.swift */,
				5797F0381F8C897200906E4C /* AuthService.swift */,
				576A9B3B1FF8FBB500FE44E0 /* BackendStuff.swift */,
			);
			path = Services;
			sourceTree = "<group>";
		};
		573493A21FB60B8D0039853E /* Delegates */ = {
			isa = PBXGroup;
			children = (
				57F97CC81F7DDFEC00D71826 /* AppDelegate.swift */,
				5797F0361F8C846C00906E4C /* CenterVCDelegate.swift */,
				57C871351FBF8A3D009DF3EF /* Constants.swift */,
			);
			path = Delegates;
			sourceTree = "<group>";
		};
		573493A31FB60BC10039853E /* Storyboard */ = {
			isa = PBXGroup;
			children = (
				57F97CCC1F7DDFEC00D71826 /* Main.storyboard */,
				57F97CD11F7DDFEC00D71826 /* LaunchScreen.storyboard */,
			);
			path = Storyboard;
			sourceTree = "<group>";
		};
		573493A41FB60BD80039853E /* Plists */ = {
			isa = PBXGroup;
			children = (
				575284811FB6CE9400599963 /* GoogleService-Info.plist */,
				5752847F1FB687FF00599963 /* Info.plist */,
			);
			path = Plists;
			sourceTree = "<group>";
		};
		57522DC11FE6FEC000EFCC4C /* NonViewVCs */ = {
			isa = PBXGroup;
			children = (
				5797F02A1F8B40F900906E4C /* LeftPanelVC.swift */,
				5797F0341F8C841800906E4C /* ContainerVC.swift */,
			);
			path = NonViewVCs;
			sourceTree = "<group>";
		};
		576B782F20678E330051A473 /* TableViewCells */ = {
			isa = PBXGroup;
			children = (
				576B783020678E820051A473 /* UserDisplayNameCell.swift */,
				576B783220678EA70051A473 /* GownPriceTableViewCell.swift */,
				576B783420678ECB0051A473 /* GownColorTableViewCell.swift */,
				576B783620678EE00051A473 /* GownDescriptionTableViewCell.swift */,
				576B783820678FF60051A473 /* GownMeasurementsTableViewCell.swift */,
				57B9F83F207B8DEA00F4D120 /* MeasurementsCell.swift */,
				572D1B29207FE8580026D257 /* GownImageTableViewCell.swift */,
				572D1B2B208007330026D257 /* GownTitleTVCell.swift */,
				572D1B2D208007CD0026D257 /* GownPriceAndPosterTvCell.swift */,
				572D1B2F208007DE0026D257 /* ColorTVCell.swift */,
				572D1B31208007EC0026D257 /* GownDescriptionTVCell.swift */,
				572D1B33208008050026D257 /* GownMeasurementBtnTVCell.swift */,
				572D1B35208008310026D257 /* NextBtnTVCell.swift */,
			);
			path = TableViewCells;
			sourceTree = "<group>";
		};
		576B783A2068162D0051A473 /* GownDetailTableView */ = {
			isa = PBXGroup;
			children = (
				576B783B206818000051A473 /* GownViewModel.swift */,
				5749522D206B5074001A966C /* CustomTableViewCell.swift */,
			);
			path = GownDetailTableView;
			sourceTree = "<group>";
		};
		576B783E206894FE0051A473 /* Resources */ = {
			isa = PBXGroup;
			children = (
				57513FAC2069BDD000773DFB /* WebViewContent.html */,
				57513FAA2069BC1700773DFB /* queenlysplash3.gif */,
			);
			path = Resources;
			sourceTree = "<group>";
		};
		578B3501202BE95300B2A14B /* Onboarding */ = {
			isa = PBXGroup;
			children = (
				578B34F7202BE7B500B2A14B /* OnboardingOneVC.swift */,
				578B34F9202BE83D00B2A14B /* OnboardingTwoVC.swift */,
				578B34FB202BE8B200B2A14B /* OnboardingThreeVC.swift */,
				578B34FD202BE90800B2A14B /* OnboardingFourVC.swift */,
				578B34FF202BE91800B2A14B /* OnboardingFiveVC.swift */,
				572B42332044DDA1001FB708 /* WelcomeVC.swift */,
			);
			path = Onboarding;
			sourceTree = "<group>";
		};
		5797F01B1F8A0A0900906E4C /* ViewControllers */ = {
			isa = PBXGroup;
			children = (
				578B3501202BE95300B2A14B /* Onboarding */,
				5797F0191F8A09FE00906E4C /* LoginVC.swift */,
				57F97CCA1F7DDFEC00D71826 /* RootVC.swift */,
				5797F0281F8AF75D00906E4C /* AddPostVC.swift */,
				575284831FB8F31D00599963 /* PostConfirmVC.swift */,
				57A48A431F9A860900C7E654 /* PostDetailVC.swift */,
				572D1B3720800D400026D257 /* GownDetailViewController.swift */,
				5797F0301F8B41C800906E4C /* ProfileVC.swift */,
				5797F0321F8B41EB00906E4C /* OrderSummaryVC.swift */,
				57750136200F2D4400FCCCB0 /* ISOOffersVC.swift */,
				57B9F839207B47C500F4D120 /* FAQVC.swift */,
				57B9F83B207B809A00F4D120 /* ProfileViewController.swift */,
				57B9F83D207B80B500F4D120 /* MeasurementsVC.swift */,
			);
			path = ViewControllers;
			sourceTree = "<group>";
		};
		5797F01C1F8A0A1B00906E4C /* Models */ = {
			isa = PBXGroup;
			children = (
				576F8D471FAAAADA006A9A4E /* Gown.swift */,
				570AB4D31FB0F8D300DAB147 /* Girl.swift */,
			);
			path = Models;
			sourceTree = "<group>";
		};
		5797F01D1F8A0A2900906E4C /* UI Components */ = {
			isa = PBXGroup;
			children = (
				576B782F20678E330051A473 /* TableViewCells */,
				57E747822030324200A750C9 /* CircleView.swift */,
				57E747802030324000A750C9 /* RoundedCornerTextField.swift */,
				57E747842030324300A750C9 /* RoundedShadowButton.swift */,
				57E747832030324200A750C9 /* RoundedShadowView.swift */,
				5771BFAE20526AD000FC89F3 /* RoundedImageView.swift */,
				57513FB02069C6CD00773DFB /* RoundedBlurView.swift */,
				57E747812030324100A750C9 /* RoundImageView.swift */,
				579310E41F904DF000418136 /* FeedCollectionViewCell.swift */,
				5773B8BF1F9BE29A00715821 /* PostCVC.swift */,
				576B7829206597510051A473 /* GownDataTableViewController.swift */,
				576B782B20664D330051A473 /* GownDataTableView.swift */,
				576B783A2068162D0051A473 /* GownDetailTableView */,
				57296C601FFC3C1700C96C6A /* WardrobeCVC.swift */,
				577501382012900C00FCCCB0 /* GownTVC.swift */,
			);
			path = "UI Components";
			sourceTree = "<group>";
		};
		57A48A4D1F9BA52300C7E654 /* Assets */ = {
			isa = PBXGroup;
			children = (
				57F97CCF1F7DDFEC00D71826 /* Assets.xcassets */,
				57A48A4B1F9BA51100C7E654 /* Dress.plist */,
				57A48A491F9BA42B00C7E654 /* Dresses.xcassets */,
			);
			path = Assets;
			sourceTree = "<group>";
		};
		57E7478A2036707200A750C9 /* Stripe */ = {
			isa = PBXGroup;
			children = (
				57E74790203670F100A750C9 /* BrowseProductsViewController.swift */,
				57E7478B203670ED00A750C9 /* Buttons.swift */,
				57E7478F203670F100A750C9 /* CheckoutRowView.swift */,
				57E7478E203670F000A750C9 /* CheckoutViewController.swift */,
				57E7478D203670EF00A750C9 /* MyAPIClient.swift */,
				57E7478C203670EE00A750C9 /* PaymentContextFooterView.swift */,
				57E74791203670F200A750C9 /* SettingsViewController.swift */,
			);
			path = Stripe;
			sourceTree = "<group>";
		};
		57F97CBC1F7DDFEC00D71826 = {
			isa = PBXGroup;
			children = (
				57F97CC71F7DDFEC00D71826 /* ProjectQueenly */,
				57F97CC61F7DDFEC00D71826 /* Products */,
				0CED35DCEE13F8E95D43B54C /* Pods */,
				1A562B519A6CF13AD1A027AF /* Frameworks */,
			);
			sourceTree = "<group>";
		};
		57F97CC61F7DDFEC00D71826 /* Products */ = {
			isa = PBXGroup;
			children = (
				57F97CC51F7DDFEC00D71826 /* ProjectQueenly.app */,
			);
			name = Products;
			sourceTree = "<group>";
		};
		57F97CC71F7DDFEC00D71826 /* ProjectQueenly */ = {
			isa = PBXGroup;
			children = (
				57F9CFD320555011005DC45C /* ProjectQueenly.entitlements */,
				573493A21FB60B8D0039853E /* Delegates */,
				57E7478A2036707200A750C9 /* Stripe */,
				573493A11FB60B770039853E /* Services */,
				5797F01B1F8A0A0900906E4C /* ViewControllers */,
				57522DC11FE6FEC000EFCC4C /* NonViewVCs */,
				573493A01FB5F9650039853E /* Handlers */,
				5797F01C1F8A0A1B00906E4C /* Models */,
				5797F01D1F8A0A2900906E4C /* UI Components */,
				576B783E206894FE0051A473 /* Resources */,
				573493A31FB60BC10039853E /* Storyboard */,
				57A48A4D1F9BA52300C7E654 /* Assets */,
				573493A41FB60BD80039853E /* Plists */,
				5793110B1F94A40C00418136 /* ProjectQueenly.xcdatamodeld */,
			);
			path = ProjectQueenly;
			sourceTree = "<group>";
		};
/* End PBXGroup section */

/* Begin PBXNativeTarget section */
		57F97CC41F7DDFEC00D71826 /* ProjectQueenly */ = {
			isa = PBXNativeTarget;
			buildConfigurationList = 57F97CD71F7DDFEC00D71826 /* Build configuration list for PBXNativeTarget "ProjectQueenly" */;
			buildPhases = (
				BF407B873EDA6CDB1FE68993 /* [CP] Check Pods Manifest.lock */,
				57F97CC11F7DDFEC00D71826 /* Sources */,
				57F97CC21F7DDFEC00D71826 /* Frameworks */,
				57F97CC31F7DDFEC00D71826 /* Resources */,
				B86723E95D248FC933EE987D /* [CP] Embed Pods Frameworks */,
			);
			buildRules = (
			);
			dependencies = (
			);
			name = ProjectQueenly;
			productName = ProjectQueenly;
			productReference = 57F97CC51F7DDFEC00D71826 /* ProjectQueenly.app */;
			productType = "com.apple.product-type.application";
		};
/* End PBXNativeTarget section */

/* Begin PBXProject section */
		57F97CBD1F7DDFEC00D71826 /* Project object */ = {
			isa = PBXProject;
			attributes = {
				LastSwiftUpdateCheck = 0900;
				LastUpgradeCheck = 0930;
				ORGANIZATIONNAME = "Irwin Gonzales";
				TargetAttributes = {
					57F97CC41F7DDFEC00D71826 = {
						CreatedOnToolsVersion = 9.0;
						ProvisioningStyle = Automatic;
						SystemCapabilities = {
							com.apple.Keychain = {
								enabled = 1;
							};
						};
					};
				};
			};
			buildConfigurationList = 57F97CC01F7DDFEC00D71826 /* Build configuration list for PBXProject "ProjectQueenly" */;
			compatibilityVersion = "Xcode 8.0";
			developmentRegion = en;
			hasScannedForEncodings = 0;
			knownRegions = (
				en,
				Base,
			);
			mainGroup = 57F97CBC1F7DDFEC00D71826;
			productRefGroup = 57F97CC61F7DDFEC00D71826 /* Products */;
			projectDirPath = "";
			projectRoot = "";
			targets = (
				57F97CC41F7DDFEC00D71826 /* ProjectQueenly */,
			);
		};
/* End PBXProject section */

/* Begin PBXResourcesBuildPhase section */
		57F97CC31F7DDFEC00D71826 /* Resources */ = {
			isa = PBXResourcesBuildPhase;
			buildActionMask = 2147483647;
			files = (
				57513FAD2069BDD100773DFB /* WebViewContent.html in Resources */,
				57F97CD31F7DDFEC00D71826 /* LaunchScreen.storyboard in Resources */,
				575284821FB6CE9400599963 /* GoogleService-Info.plist in Resources */,
				57A48A4A1F9BA42C00C7E654 /* Dresses.xcassets in Resources */,
				57A48A4C1F9BA51100C7E654 /* Dress.plist in Resources */,
				57513FAB2069BC1A00773DFB /* queenlysplash3.gif in Resources */,
				57F97CD01F7DDFEC00D71826 /* Assets.xcassets in Resources */,
				57F97CCE1F7DDFEC00D71826 /* Main.storyboard in Resources */,
			);
			runOnlyForDeploymentPostprocessing = 0;
		};
/* End PBXResourcesBuildPhase section */

/* Begin PBXShellScriptBuildPhase section */
		B86723E95D248FC933EE987D /* [CP] Embed Pods Frameworks */ = {
			isa = PBXShellScriptBuildPhase;
			buildActionMask = 2147483647;
			files = (
			);
			inputPaths = (
				"${SRCROOT}/Pods/Target Support Files/Pods-ProjectQueenly/Pods-ProjectQueenly-frameworks.sh",
				"${BUILT_PRODUCTS_DIR}/AZEmptyState/AZEmptyState.framework",
				"${BUILT_PRODUCTS_DIR}/Alamofire/Alamofire.framework",
				"${BUILT_PRODUCTS_DIR}/Bolts/Bolts.framework",
				"${BUILT_PRODUCTS_DIR}/BoringSSL/openssl.framework",
				"${BUILT_PRODUCTS_DIR}/DZNEmptyDataSet/DZNEmptyDataSet.framework",
				"${BUILT_PRODUCTS_DIR}/Differentiator/Differentiator.framework",
				"${BUILT_PRODUCTS_DIR}/Eureka/Eureka.framework",
				"${BUILT_PRODUCTS_DIR}/FBSDKCoreKit/FBSDKCoreKit.framework",
				"${BUILT_PRODUCTS_DIR}/FBSDKLoginKit/FBSDKLoginKit.framework",
				"${BUILT_PRODUCTS_DIR}/FBSDKShareKit/FBSDKShareKit.framework",
				"${BUILT_PRODUCTS_DIR}/FaceAware/FaceAware.framework",
				"${BUILT_PRODUCTS_DIR}/FacebookCore/FacebookCore.framework",
				"${BUILT_PRODUCTS_DIR}/FacebookLogin/FacebookLogin.framework",
				"${BUILT_PRODUCTS_DIR}/FacebookShare/FacebookShare.framework",
				"${BUILT_PRODUCTS_DIR}/GTMSessionFetcher/GTMSessionFetcher.framework",
				"${BUILT_PRODUCTS_DIR}/GoogleToolboxForMac/GoogleToolboxForMac.framework",
				"${BUILT_PRODUCTS_DIR}/Instructions/Instructions.framework",
				"${BUILT_PRODUCTS_DIR}/PMAlertController/PMAlertController.framework",
				"${BUILT_PRODUCTS_DIR}/Protobuf/Protobuf.framework",
				"${BUILT_PRODUCTS_DIR}/RSKPlaceholderTextView/RSKPlaceholderTextView.framework",
				"${BUILT_PRODUCTS_DIR}/RevealingSplashView/RevealingSplashView.framework",
				"${BUILT_PRODUCTS_DIR}/RxCocoa/RxCocoa.framework",
				"${BUILT_PRODUCTS_DIR}/RxDataSources/RxDataSources.framework",
				"${BUILT_PRODUCTS_DIR}/RxSwift/RxSwift.framework",
				"${BUILT_PRODUCTS_DIR}/SCLAlertView/SCLAlertView.framework",
				"${BUILT_PRODUCTS_DIR}/SkyFloatingLabelTextField/SkyFloatingLabelTextField.framework",
				"${BUILT_PRODUCTS_DIR}/Stripe/Stripe.framework",
				"${BUILT_PRODUCTS_DIR}/TRMosaicLayout/TRMosaicLayout.framework",
				"${BUILT_PRODUCTS_DIR}/VideoSplashKit/VideoSplashKit.framework",
				"${BUILT_PRODUCTS_DIR}/XLActionController/XLActionController.framework",
				"${BUILT_PRODUCTS_DIR}/gRPC/GRPCClient.framework",
				"${BUILT_PRODUCTS_DIR}/gRPC-Core/grpc.framework",
				"${BUILT_PRODUCTS_DIR}/gRPC-ProtoRPC/ProtoRPC.framework",
				"${BUILT_PRODUCTS_DIR}/gRPC-RxLibrary/RxLibrary.framework",
				"${BUILT_PRODUCTS_DIR}/leveldb-library/leveldb.framework",
				"${BUILT_PRODUCTS_DIR}/nanopb/nanopb.framework",
			);
			name = "[CP] Embed Pods Frameworks";
			outputPaths = (
				"${TARGET_BUILD_DIR}/${FRAMEWORKS_FOLDER_PATH}/AZEmptyState.framework",
				"${TARGET_BUILD_DIR}/${FRAMEWORKS_FOLDER_PATH}/Alamofire.framework",
				"${TARGET_BUILD_DIR}/${FRAMEWORKS_FOLDER_PATH}/Bolts.framework",
				"${TARGET_BUILD_DIR}/${FRAMEWORKS_FOLDER_PATH}/openssl.framework",
				"${TARGET_BUILD_DIR}/${FRAMEWORKS_FOLDER_PATH}/DZNEmptyDataSet.framework",
				"${TARGET_BUILD_DIR}/${FRAMEWORKS_FOLDER_PATH}/Differentiator.framework",
				"${TARGET_BUILD_DIR}/${FRAMEWORKS_FOLDER_PATH}/Eureka.framework",
				"${TARGET_BUILD_DIR}/${FRAMEWORKS_FOLDER_PATH}/FBSDKCoreKit.framework",
				"${TARGET_BUILD_DIR}/${FRAMEWORKS_FOLDER_PATH}/FBSDKLoginKit.framework",
				"${TARGET_BUILD_DIR}/${FRAMEWORKS_FOLDER_PATH}/FBSDKShareKit.framework",
				"${TARGET_BUILD_DIR}/${FRAMEWORKS_FOLDER_PATH}/FaceAware.framework",
				"${TARGET_BUILD_DIR}/${FRAMEWORKS_FOLDER_PATH}/FacebookCore.framework",
				"${TARGET_BUILD_DIR}/${FRAMEWORKS_FOLDER_PATH}/FacebookLogin.framework",
				"${TARGET_BUILD_DIR}/${FRAMEWORKS_FOLDER_PATH}/FacebookShare.framework",
				"${TARGET_BUILD_DIR}/${FRAMEWORKS_FOLDER_PATH}/GTMSessionFetcher.framework",
				"${TARGET_BUILD_DIR}/${FRAMEWORKS_FOLDER_PATH}/GoogleToolboxForMac.framework",
				"${TARGET_BUILD_DIR}/${FRAMEWORKS_FOLDER_PATH}/Instructions.framework",
				"${TARGET_BUILD_DIR}/${FRAMEWORKS_FOLDER_PATH}/PMAlertController.framework",
				"${TARGET_BUILD_DIR}/${FRAMEWORKS_FOLDER_PATH}/Protobuf.framework",
				"${TARGET_BUILD_DIR}/${FRAMEWORKS_FOLDER_PATH}/RSKPlaceholderTextView.framework",
				"${TARGET_BUILD_DIR}/${FRAMEWORKS_FOLDER_PATH}/RevealingSplashView.framework",
				"${TARGET_BUILD_DIR}/${FRAMEWORKS_FOLDER_PATH}/RxCocoa.framework",
				"${TARGET_BUILD_DIR}/${FRAMEWORKS_FOLDER_PATH}/RxDataSources.framework",
				"${TARGET_BUILD_DIR}/${FRAMEWORKS_FOLDER_PATH}/RxSwift.framework",
				"${TARGET_BUILD_DIR}/${FRAMEWORKS_FOLDER_PATH}/SCLAlertView.framework",
				"${TARGET_BUILD_DIR}/${FRAMEWORKS_FOLDER_PATH}/SkyFloatingLabelTextField.framework",
				"${TARGET_BUILD_DIR}/${FRAMEWORKS_FOLDER_PATH}/Stripe.framework",
				"${TARGET_BUILD_DIR}/${FRAMEWORKS_FOLDER_PATH}/TRMosaicLayout.framework",
				"${TARGET_BUILD_DIR}/${FRAMEWORKS_FOLDER_PATH}/VideoSplashKit.framework",
				"${TARGET_BUILD_DIR}/${FRAMEWORKS_FOLDER_PATH}/XLActionController.framework",
				"${TARGET_BUILD_DIR}/${FRAMEWORKS_FOLDER_PATH}/GRPCClient.framework",
				"${TARGET_BUILD_DIR}/${FRAMEWORKS_FOLDER_PATH}/grpc.framework",
				"${TARGET_BUILD_DIR}/${FRAMEWORKS_FOLDER_PATH}/ProtoRPC.framework",
				"${TARGET_BUILD_DIR}/${FRAMEWORKS_FOLDER_PATH}/RxLibrary.framework",
				"${TARGET_BUILD_DIR}/${FRAMEWORKS_FOLDER_PATH}/leveldb.framework",
				"${TARGET_BUILD_DIR}/${FRAMEWORKS_FOLDER_PATH}/nanopb.framework",
			);
			runOnlyForDeploymentPostprocessing = 0;
			shellPath = /bin/sh;
			shellScript = "\"${SRCROOT}/Pods/Target Support Files/Pods-ProjectQueenly/Pods-ProjectQueenly-frameworks.sh\"\n";
			showEnvVarsInLog = 0;
		};
		BF407B873EDA6CDB1FE68993 /* [CP] Check Pods Manifest.lock */ = {
			isa = PBXShellScriptBuildPhase;
			buildActionMask = 2147483647;
			files = (
			);
			inputPaths = (
				"${PODS_PODFILE_DIR_PATH}/Podfile.lock",
				"${PODS_ROOT}/Manifest.lock",
			);
			name = "[CP] Check Pods Manifest.lock";
			outputPaths = (
				"$(DERIVED_FILE_DIR)/Pods-ProjectQueenly-checkManifestLockResult.txt",
			);
			runOnlyForDeploymentPostprocessing = 0;
			shellPath = /bin/sh;
			shellScript = "diff \"${PODS_PODFILE_DIR_PATH}/Podfile.lock\" \"${PODS_ROOT}/Manifest.lock\" > /dev/null\nif [ $? != 0 ] ; then\n    # print error to STDERR\n    echo \"error: The sandbox is not in sync with the Podfile.lock. Run 'pod install' or update your CocoaPods installation.\" >&2\n    exit 1\nfi\n# This output is used by Xcode 'outputs' to avoid re-running this script phase.\necho \"SUCCESS\" > \"${SCRIPT_OUTPUT_FILE_0}\"\n";
			showEnvVarsInLog = 0;
		};
/* End PBXShellScriptBuildPhase section */

/* Begin PBXSourcesBuildPhase section */
		57F97CC11F7DDFEC00D71826 /* Sources */ = {
			isa = PBXSourcesBuildPhase;
			buildActionMask = 2147483647;
			files = (
				5797F02B1F8B40F900906E4C /* LeftPanelVC.swift in Sources */,
				570AB4D41FB0F8D300DAB147 /* Girl.swift in Sources */,
				57E747862030324300A750C9 /* RoundImageView.swift in Sources */,
				578B34FA202BE83D00B2A14B /* OnboardingTwoVC.swift in Sources */,
				579310E51F904DF000418136 /* FeedCollectionViewCell.swift in Sources */,
				572D1B32208007EC0026D257 /* GownDescriptionTVCell.swift in Sources */,
				576F8D481FAAAADA006A9A4E /* Gown.swift in Sources */,
				572D1B2E208007CD0026D257 /* GownPriceAndPosterTvCell.swift in Sources */,
				572B42342044DDA1001FB708 /* WelcomeVC.swift in Sources */,
				57B9F83A207B47C600F4D120 /* FAQVC.swift in Sources */,
				576B782E206768440051A473 /* LoginVCHandlers.swift in Sources */,
				577501392012900C00FCCCB0 /* GownTVC.swift in Sources */,
				5797F0331F8B41EB00906E4C /* OrderSummaryVC.swift in Sources */,
				576B783720678EE00051A473 /* GownDescriptionTableViewCell.swift in Sources */,
				572D1B34208008050026D257 /* GownMeasurementBtnTVCell.swift in Sources */,
				57B9F83C207B809A00F4D120 /* ProfileViewController.swift in Sources */,
				5797F0291F8AF75E00906E4C /* AddPostVC.swift in Sources */,
				57C871361FBF8A3D009DF3EF /* Constants.swift in Sources */,
				5797F03B1F8C8FFC00906E4C /* UIViewExt.swift in Sources */,
				5734939D1FB445BE0039853E /* Alertable.swift in Sources */,
				5773B8C01F9BE29A00715821 /* PostCVC.swift in Sources */,
				57F97CCB1F7DDFEC00D71826 /* RootVC.swift in Sources */,
				572D1B2C208007330026D257 /* GownTitleTVCell.swift in Sources */,
				57E74794203670F200A750C9 /* MyAPIClient.swift in Sources */,
				57E74796203670F200A750C9 /* CheckoutRowView.swift in Sources */,
				576B783520678ECB0051A473 /* GownColorTableViewCell.swift in Sources */,
				57A48A441F9A860900C7E654 /* PostDetailVC.swift in Sources */,
				57E74792203670F200A750C9 /* Buttons.swift in Sources */,
				5793110D1F94A40C00418136 /* ProjectQueenly.xcdatamodeld in Sources */,
				578B34F8202BE7B600B2A14B /* OnboardingOneVC.swift in Sources */,
				576B783120678E820051A473 /* UserDisplayNameCell.swift in Sources */,
				57E74793203670F200A750C9 /* PaymentContextFooterView.swift in Sources */,
				57630E23204E84AF00A68F63 /* RootVCHandlers.swift in Sources */,
				5712C6C3206C5775002DFF34 /* AppFunctions.swift in Sources */,
				57F97CC91F7DDFEC00D71826 /* AppDelegate.swift in Sources */,
				5797F0201F8A17EA00906E4C /* DataService.swift in Sources */,
				5749522E206B5074001A966C /* CustomTableViewCell.swift in Sources */,
				5797F0351F8C841800906E4C /* ContainerVC.swift in Sources */,
				57E74797203670F200A750C9 /* BrowseProductsViewController.swift in Sources */,
				576B783C206818000051A473 /* GownViewModel.swift in Sources */,
				57750137200F2D4400FCCCB0 /* ISOOffersVC.swift in Sources */,
				576A9B3C1FF8FBB500FE44E0 /* BackendStuff.swift in Sources */,
				5797F0311F8B41C800906E4C /* ProfileVC.swift in Sources */,
				572D1B30208007DE0026D257 /* ColorTVCell.swift in Sources */,
				57E747892030324300A750C9 /* RoundedShadowButton.swift in Sources */,
				575284841FB8F31D00599963 /* PostConfirmVC.swift in Sources */,
				572D1B3820800D400026D257 /* GownDetailViewController.swift in Sources */,
				5771BFAF20526AD000FC89F3 /* RoundedImageView.swift in Sources */,
				57B9F840207B8DEA00F4D120 /* MeasurementsCell.swift in Sources */,
				572D1B36208008310026D257 /* NextBtnTVCell.swift in Sources */,
				576B783920678FF60051A473 /* GownMeasurementsTableViewCell.swift in Sources */,
				572D1B2A207FE8580026D257 /* GownImageTableViewCell.swift in Sources */,
				57E74795203670F200A750C9 /* CheckoutViewController.swift in Sources */,
				572B4232203E1B2F001FB708 /* OnboardingImageHandlers.swift in Sources */,
				5734939F1FB5F95D0039853E /* AddPostVCHandlers.swift in Sources */,
				5797F0391F8C897200906E4C /* AuthService.swift in Sources */,
				578EAC59204D37BB00506792 /* FirestoreModel.swift in Sources */,
				576B783320678EA70051A473 /* GownPriceTableViewCell.swift in Sources */,
				57E74798203670F200A750C9 /* SettingsViewController.swift in Sources */,
				578B34FE202BE90800B2A14B /* OnboardingFourVC.swift in Sources */,
				57E747882030324300A750C9 /* RoundedShadowView.swift in Sources */,
				576B782A206597510051A473 /* GownDataTableViewController.swift in Sources */,
				57E747852030324300A750C9 /* RoundedCornerTextField.swift in Sources */,
				57E747872030324300A750C9 /* CircleView.swift in Sources */,
				57B9F83E207B80B500F4D120 /* MeasurementsVC.swift in Sources */,
				578B3500202BE91800B2A14B /* OnboardingFiveVC.swift in Sources */,
				5797F0371F8C846C00906E4C /* CenterVCDelegate.swift in Sources */,
				57296C611FFC3C1700C96C6A /* WardrobeCVC.swift in Sources */,
				5797F01A1F8A09FE00906E4C /* LoginVC.swift in Sources */,
				57513FB12069C6CD00773DFB /* RoundedBlurView.swift in Sources */,
				576B782C20664D330051A473 /* GownDataTableView.swift in Sources */,
				578B34FC202BE8B200B2A14B /* OnboardingThreeVC.swift in Sources */,
			);
			runOnlyForDeploymentPostprocessing = 0;
		};
/* End PBXSourcesBuildPhase section */

/* Begin PBXVariantGroup section */
		57F97CCC1F7DDFEC00D71826 /* Main.storyboard */ = {
			isa = PBXVariantGroup;
			children = (
				57F97CCD1F7DDFEC00D71826 /* Base */,
			);
			name = Main.storyboard;
			sourceTree = "<group>";
		};
		57F97CD11F7DDFEC00D71826 /* LaunchScreen.storyboard */ = {
			isa = PBXVariantGroup;
			children = (
				57F97CD21F7DDFEC00D71826 /* Base */,
			);
			name = LaunchScreen.storyboard;
			sourceTree = "<group>";
		};
/* End PBXVariantGroup section */

/* Begin XCBuildConfiguration section */
		57F97CD51F7DDFEC00D71826 /* Debug */ = {
			isa = XCBuildConfiguration;
			buildSettings = {
				ALWAYS_SEARCH_USER_PATHS = YES;
				CLANG_ANALYZER_NONNULL = YES;
				CLANG_ANALYZER_NUMBER_OBJECT_CONVERSION = YES_AGGRESSIVE;
				CLANG_CXX_LANGUAGE_STANDARD = "gnu++14";
				CLANG_CXX_LIBRARY = "libc++";
				CLANG_ENABLE_MODULES = YES;
				CLANG_ENABLE_OBJC_ARC = YES;
				CLANG_WARN_BLOCK_CAPTURE_AUTORELEASING = YES;
				CLANG_WARN_BOOL_CONVERSION = YES;
				CLANG_WARN_COMMA = YES;
				CLANG_WARN_CONSTANT_CONVERSION = YES;
				CLANG_WARN_DEPRECATED_OBJC_IMPLEMENTATIONS = YES;
				CLANG_WARN_DIRECT_OBJC_ISA_USAGE = YES_ERROR;
				CLANG_WARN_DOCUMENTATION_COMMENTS = YES;
				CLANG_WARN_EMPTY_BODY = YES;
				CLANG_WARN_ENUM_CONVERSION = YES;
				CLANG_WARN_INFINITE_RECURSION = YES;
				CLANG_WARN_INT_CONVERSION = YES;
				CLANG_WARN_NON_LITERAL_NULL_CONVERSION = YES;
				CLANG_WARN_OBJC_IMPLICIT_RETAIN_SELF = YES;
				CLANG_WARN_OBJC_LITERAL_CONVERSION = YES;
				CLANG_WARN_OBJC_ROOT_CLASS = YES_ERROR;
				CLANG_WARN_RANGE_LOOP_ANALYSIS = YES;
				CLANG_WARN_STRICT_PROTOTYPES = YES;
				CLANG_WARN_SUSPICIOUS_MOVE = YES;
				CLANG_WARN_UNGUARDED_AVAILABILITY = YES_AGGRESSIVE;
				CLANG_WARN_UNREACHABLE_CODE = YES;
				CLANG_WARN__DUPLICATE_METHOD_MATCH = YES;
				CODE_SIGN_IDENTITY = "iPhone Developer";
				COPY_PHASE_STRIP = NO;
				DEBUG_INFORMATION_FORMAT = dwarf;
				ENABLE_STRICT_OBJC_MSGSEND = YES;
				ENABLE_TESTABILITY = YES;
				GCC_C_LANGUAGE_STANDARD = gnu11;
				GCC_DYNAMIC_NO_PIC = NO;
				GCC_NO_COMMON_BLOCKS = YES;
				GCC_OPTIMIZATION_LEVEL = 0;
				GCC_PREPROCESSOR_DEFINITIONS = (
					"DEBUG=1",
					"$(inherited)",
				);
				GCC_WARN_64_TO_32_BIT_CONVERSION = YES;
				GCC_WARN_ABOUT_RETURN_TYPE = YES_ERROR;
				GCC_WARN_UNDECLARED_SELECTOR = YES;
				GCC_WARN_UNINITIALIZED_AUTOS = YES_AGGRESSIVE;
				GCC_WARN_UNUSED_FUNCTION = YES;
				GCC_WARN_UNUSED_VARIABLE = YES;
				IPHONEOS_DEPLOYMENT_TARGET = 11.0;
				MTL_ENABLE_DEBUG_INFO = YES;
				ONLY_ACTIVE_ARCH = YES;
				SDKROOT = iphoneos;
				SWIFT_ACTIVE_COMPILATION_CONDITIONS = DEBUG;
				SWIFT_OPTIMIZATION_LEVEL = "-Onone";
			};
			name = Debug;
		};
		57F97CD61F7DDFEC00D71826 /* Release */ = {
			isa = XCBuildConfiguration;
			buildSettings = {
				ALWAYS_SEARCH_USER_PATHS = YES;
				CLANG_ANALYZER_NONNULL = YES;
				CLANG_ANALYZER_NUMBER_OBJECT_CONVERSION = YES_AGGRESSIVE;
				CLANG_CXX_LANGUAGE_STANDARD = "gnu++14";
				CLANG_CXX_LIBRARY = "libc++";
				CLANG_ENABLE_MODULES = YES;
				CLANG_ENABLE_OBJC_ARC = YES;
				CLANG_WARN_BLOCK_CAPTURE_AUTORELEASING = YES;
				CLANG_WARN_BOOL_CONVERSION = YES;
				CLANG_WARN_COMMA = YES;
				CLANG_WARN_CONSTANT_CONVERSION = YES;
				CLANG_WARN_DEPRECATED_OBJC_IMPLEMENTATIONS = YES;
				CLANG_WARN_DIRECT_OBJC_ISA_USAGE = YES_ERROR;
				CLANG_WARN_DOCUMENTATION_COMMENTS = YES;
				CLANG_WARN_EMPTY_BODY = YES;
				CLANG_WARN_ENUM_CONVERSION = YES;
				CLANG_WARN_INFINITE_RECURSION = YES;
				CLANG_WARN_INT_CONVERSION = YES;
				CLANG_WARN_NON_LITERAL_NULL_CONVERSION = YES;
				CLANG_WARN_OBJC_IMPLICIT_RETAIN_SELF = YES;
				CLANG_WARN_OBJC_LITERAL_CONVERSION = YES;
				CLANG_WARN_OBJC_ROOT_CLASS = YES_ERROR;
				CLANG_WARN_RANGE_LOOP_ANALYSIS = YES;
				CLANG_WARN_STRICT_PROTOTYPES = YES;
				CLANG_WARN_SUSPICIOUS_MOVE = YES;
				CLANG_WARN_UNGUARDED_AVAILABILITY = YES_AGGRESSIVE;
				CLANG_WARN_UNREACHABLE_CODE = YES;
				CLANG_WARN__DUPLICATE_METHOD_MATCH = YES;
				CODE_SIGN_IDENTITY = "iPhone Developer";
				COPY_PHASE_STRIP = NO;
				DEBUG_INFORMATION_FORMAT = "dwarf-with-dsym";
				ENABLE_NS_ASSERTIONS = NO;
				ENABLE_STRICT_OBJC_MSGSEND = YES;
				GCC_C_LANGUAGE_STANDARD = gnu11;
				GCC_NO_COMMON_BLOCKS = YES;
				GCC_WARN_64_TO_32_BIT_CONVERSION = YES;
				GCC_WARN_ABOUT_RETURN_TYPE = YES_ERROR;
				GCC_WARN_UNDECLARED_SELECTOR = YES;
				GCC_WARN_UNINITIALIZED_AUTOS = YES_AGGRESSIVE;
				GCC_WARN_UNUSED_FUNCTION = YES;
				GCC_WARN_UNUSED_VARIABLE = YES;
				IPHONEOS_DEPLOYMENT_TARGET = 11.0;
				MTL_ENABLE_DEBUG_INFO = NO;
				SDKROOT = iphoneos;
				SWIFT_OPTIMIZATION_LEVEL = "-Owholemodule";
				VALIDATE_PRODUCT = YES;
			};
			name = Release;
		};
		57F97CD81F7DDFEC00D71826 /* Debug */ = {
			isa = XCBuildConfiguration;
			baseConfigurationReference = 8D4EE2642AD383247DB281D8 /* Pods-ProjectQueenly.debug.xcconfig */;
			buildSettings = {
				ASSETCATALOG_COMPILER_APPICON_NAME = AppIcon;
				ASSETCATALOG_COMPILER_LAUNCHIMAGE_NAME = LaunchImage;
				CODE_SIGN_ENTITLEMENTS = ProjectQueenly/ProjectQueenly.entitlements;
				CODE_SIGN_IDENTITY = "iPhone Developer";
				"CODE_SIGN_IDENTITY[sdk=iphoneos*]" = "iPhone Developer";
				CODE_SIGN_STYLE = Automatic;
				DEVELOPMENT_TEAM = 8RP384RY66;
				INFOPLIST_FILE = "$(SRCROOT)/ProjectQueenly/Plists/Info.plist";
				LD_RUNPATH_SEARCH_PATHS = "$(inherited) @executable_path/Frameworks";
				PRODUCT_BUNDLE_IDENTIFIER = com.irwingonzales.ProjectQueenly;
				PRODUCT_NAME = "$(TARGET_NAME)";
				PROVISIONING_PROFILE_SPECIFIER = "";
				SWIFT_OBJC_BRIDGING_HEADER = "";
				SWIFT_VERSION = 4.0;
				TARGETED_DEVICE_FAMILY = "1,2";
				USER_HEADER_SEARCH_PATHS = "";
			};
			name = Debug;
		};
		57F97CD91F7DDFEC00D71826 /* Release */ = {
			isa = XCBuildConfiguration;
			baseConfigurationReference = 7197955E5A136882AEB9EE0F /* Pods-ProjectQueenly.release.xcconfig */;
			buildSettings = {
				ASSETCATALOG_COMPILER_APPICON_NAME = AppIcon;
				ASSETCATALOG_COMPILER_LAUNCHIMAGE_NAME = LaunchImage;
				CODE_SIGN_ENTITLEMENTS = ProjectQueenly/ProjectQueenly.entitlements;
				CODE_SIGN_IDENTITY = "iPhone Developer";
				"CODE_SIGN_IDENTITY[sdk=iphoneos*]" = "iPhone Developer";
				CODE_SIGN_STYLE = Automatic;
				DEVELOPMENT_TEAM = 8RP384RY66;
				INFOPLIST_FILE = "$(SRCROOT)/ProjectQueenly/Plists/Info.plist";
				LD_RUNPATH_SEARCH_PATHS = "$(inherited) @executable_path/Frameworks";
				PRODUCT_BUNDLE_IDENTIFIER = com.irwingonzales.ProjectQueenly;
				PRODUCT_NAME = "$(TARGET_NAME)";
				PROVISIONING_PROFILE_SPECIFIER = "";
				SWIFT_OBJC_BRIDGING_HEADER = "";
				SWIFT_VERSION = 4.0;
				TARGETED_DEVICE_FAMILY = "1,2";
				USER_HEADER_SEARCH_PATHS = "";
			};
			name = Release;
		};
/* End XCBuildConfiguration section */

/* Begin XCConfigurationList section */
		57F97CC01F7DDFEC00D71826 /* Build configuration list for PBXProject "ProjectQueenly" */ = {
			isa = XCConfigurationList;
			buildConfigurations = (
				57F97CD51F7DDFEC00D71826 /* Debug */,
				57F97CD61F7DDFEC00D71826 /* Release */,
			);
			defaultConfigurationIsVisible = 0;
			defaultConfigurationName = Release;
		};
		57F97CD71F7DDFEC00D71826 /* Build configuration list for PBXNativeTarget "ProjectQueenly" */ = {
			isa = XCConfigurationList;
			buildConfigurations = (
				57F97CD81F7DDFEC00D71826 /* Debug */,
				57F97CD91F7DDFEC00D71826 /* Release */,
			);
			defaultConfigurationIsVisible = 0;
			defaultConfigurationName = Release;
		};
/* End XCConfigurationList section */

/* Begin XCVersionGroup section */
		5793110B1F94A40C00418136 /* ProjectQueenly.xcdatamodeld */ = {
			isa = XCVersionGroup;
			children = (
				5793110C1F94A40C00418136 /* ProjectQueenly.xcdatamodel */,
			);
			currentVersion = 5793110C1F94A40C00418136 /* ProjectQueenly.xcdatamodel */;
			path = ProjectQueenly.xcdatamodeld;
			sourceTree = "<group>";
			versionGroupType = wrapper.xcdatamodel;
		};
/* End XCVersionGroup section */
	};
	rootObject = 57F97CBD1F7DDFEC00D71826 /* Project object */;
}
